// !$*UTF8*$!
{
	archiveVersion = 1;
	classes = {
	};
	objectVersion = 55;
	objects = {

/* Begin PBXBuildFile section */
		F7E97A0D27DA3B1A008309CD /* RecipeListApp.swift in Sources */ = {isa = PBXBuildFile; fileRef = F7E97A0C27DA3B1A008309CD /* RecipeListApp.swift */; };
		F7E97A0F27DA3B1A008309CD /* RecipeListView.swift in Sources */ = {isa = PBXBuildFile; fileRef = F7E97A0E27DA3B1A008309CD /* RecipeListView.swift */; };
		F7E97A1127DA3B1A008309CD /* Assets.xcassets in Resources */ = {isa = PBXBuildFile; fileRef = F7E97A1027DA3B1A008309CD /* Assets.xcassets */; };
		F7E97A1427DA3B1A008309CD /* Preview Assets.xcassets in Resources */ = {isa = PBXBuildFile; fileRef = F7E97A1327DA3B1A008309CD /* Preview Assets.xcassets */; };
		F7E97A2227DA3C49008309CD /* recipes.json in Resources */ = {isa = PBXBuildFile; fileRef = F7E97A2127DA3C49008309CD /* recipes.json */; };
		F7E97A2427DA3DD2008309CD /* Recipe.swift in Sources */ = {isa = PBXBuildFile; fileRef = F7E97A2327DA3DD2008309CD /* Recipe.swift */; };
		F7E97A2627DA3FCA008309CD /* RecipeModel.swift in Sources */ = {isa = PBXBuildFile; fileRef = F7E97A2527DA3FCA008309CD /* RecipeModel.swift */; };
		F7E97A2827DA40EC008309CD /* DataService.swift in Sources */ = {isa = PBXBuildFile; fileRef = F7E97A2727DA40EC008309CD /* DataService.swift */; };
		F7E97A2A27DAA12A008309CD /* RecipeDetailView.swift in Sources */ = {isa = PBXBuildFile; fileRef = F7E97A2927DAA12A008309CD /* RecipeDetailView.swift */; };
		F7E97A2C27DB4C9A008309CD /* RecipeTabView.swift in Sources */ = {isa = PBXBuildFile; fileRef = F7E97A2B27DB4C9A008309CD /* RecipeTabView.swift */; };
		F7E97A2E27DB570B008309CD /* Ingredient.swift in Sources */ = {isa = PBXBuildFile; fileRef = F7E97A2D27DB570B008309CD /* Ingredient.swift */; };
		F7E97A3027DB5E6D008309CD /* RecipeFeaturedView.swift in Sources */ = {isa = PBXBuildFile; fileRef = F7E97A2F27DB5E6D008309CD /* RecipeFeaturedView.swift */; };
/* End PBXBuildFile section */

/* Begin PBXFileReference section */
		F7E97A0927DA3B1A008309CD /* RecipeList.app */ = {isa = PBXFileReference; explicitFileType = wrapper.application; includeInIndex = 0; path = RecipeList.app; sourceTree = BUILT_PRODUCTS_DIR; };
		F7E97A0C27DA3B1A008309CD /* RecipeListApp.swift */ = {isa = PBXFileReference; lastKnownFileType = sourcecode.swift; path = RecipeListApp.swift; sourceTree = "<group>"; };
		F7E97A0E27DA3B1A008309CD /* RecipeListView.swift */ = {isa = PBXFileReference; lastKnownFileType = sourcecode.swift; path = RecipeListView.swift; sourceTree = "<group>"; };
		F7E97A1027DA3B1A008309CD /* Assets.xcassets */ = {isa = PBXFileReference; lastKnownFileType = folder.assetcatalog; path = Assets.xcassets; sourceTree = "<group>"; };
		F7E97A1327DA3B1A008309CD /* Preview Assets.xcassets */ = {isa = PBXFileReference; lastKnownFileType = folder.assetcatalog; path = "Preview Assets.xcassets"; sourceTree = "<group>"; };
		F7E97A2127DA3C49008309CD /* recipes.json */ = {isa = PBXFileReference; fileEncoding = 4; lastKnownFileType = text.json; path = recipes.json; sourceTree = "<group>"; };
		F7E97A2327DA3DD2008309CD /* Recipe.swift */ = {isa = PBXFileReference; lastKnownFileType = sourcecode.swift; path = Recipe.swift; sourceTree = "<group>"; };
		F7E97A2527DA3FCA008309CD /* RecipeModel.swift */ = {isa = PBXFileReference; lastKnownFileType = sourcecode.swift; path = RecipeModel.swift; sourceTree = "<group>"; };
		F7E97A2727DA40EC008309CD /* DataService.swift */ = {isa = PBXFileReference; lastKnownFileType = sourcecode.swift; path = DataService.swift; sourceTree = "<group>"; };
		F7E97A2927DAA12A008309CD /* RecipeDetailView.swift */ = {isa = PBXFileReference; lastKnownFileType = sourcecode.swift; path = RecipeDetailView.swift; sourceTree = "<group>"; };
		F7E97A2B27DB4C9A008309CD /* RecipeTabView.swift */ = {isa = PBXFileReference; lastKnownFileType = sourcecode.swift; path = RecipeTabView.swift; sourceTree = "<group>"; };
		F7E97A2D27DB570B008309CD /* Ingredient.swift */ = {isa = PBXFileReference; lastKnownFileType = sourcecode.swift; path = Ingredient.swift; sourceTree = "<group>"; };
		F7E97A2F27DB5E6D008309CD /* RecipeFeaturedView.swift */ = {isa = PBXFileReference; lastKnownFileType = sourcecode.swift; path = RecipeFeaturedView.swift; sourceTree = "<group>"; };
/* End PBXFileReference section */

/* Begin PBXFrameworksBuildPhase section */
		F7E97A0627DA3B1A008309CD /* Frameworks */ = {
			isa = PBXFrameworksBuildPhase;
			buildActionMask = 2147483647;
			files = (
			);
			runOnlyForDeploymentPostprocessing = 0;
		};
/* End PBXFrameworksBuildPhase section */

/* Begin PBXGroup section */
		F7E97A0027DA3B1A008309CD = {
			isa = PBXGroup;
			children = (
				F7E97A0B27DA3B1A008309CD /* RecipeList */,
				F7E97A0A27DA3B1A008309CD /* Products */,
			);
			sourceTree = "<group>";
		};
		F7E97A0A27DA3B1A008309CD /* Products */ = {
			isa = PBXGroup;
			children = (
				F7E97A0927DA3B1A008309CD /* RecipeList.app */,
			);
			name = Products;
			sourceTree = "<group>";
		};
		F7E97A0B27DA3B1A008309CD /* RecipeList */ = {
			isa = PBXGroup;
			children = (
				F7E97A0C27DA3B1A008309CD /* RecipeListApp.swift */,
				F7E97A1A27DA3B3B008309CD /* Views */,
				F7E97A1B27DA3B41008309CD /* ViewModels */,
				F7E97A1C27DA3B47008309CD /* Models */,
				F7E97A1D27DA3B4C008309CD /* Services */,
				F7E97A1E27DA3B52008309CD /* Data */,
				F7E97A1027DA3B1A008309CD /* Assets.xcassets */,
				F7E97A1227DA3B1A008309CD /* Preview Content */,
			);
			path = RecipeList;
			sourceTree = "<group>";
		};
		F7E97A1227DA3B1A008309CD /* Preview Content */ = {
			isa = PBXGroup;
			children = (
				F7E97A1327DA3B1A008309CD /* Preview Assets.xcassets */,
			);
			path = "Preview Content";
			sourceTree = "<group>";
		};
		F7E97A1A27DA3B3B008309CD /* Views */ = {
			isa = PBXGroup;
			children = (
				F7E97A2B27DB4C9A008309CD /* RecipeTabView.swift */,
				F7E97A2F27DB5E6D008309CD /* RecipeFeaturedView.swift */,
				F7E97A0E27DA3B1A008309CD /* RecipeListView.swift */,
				F7E97A2927DAA12A008309CD /* RecipeDetailView.swift */,
			);
			path = Views;
			sourceTree = "<group>";
		};
		F7E97A1B27DA3B41008309CD /* ViewModels */ = {
			isa = PBXGroup;
			children = (
				F7E97A2527DA3FCA008309CD /* RecipeModel.swift */,
			);
			path = ViewModels;
			sourceTree = "<group>";
		};
		F7E97A1C27DA3B47008309CD /* Models */ = {
			isa = PBXGroup;
			children = (
				F7E97A2327DA3DD2008309CD /* Recipe.swift */,
				F7E97A2D27DB570B008309CD /* Ingredient.swift */,
			);
			path = Models;
			sourceTree = "<group>";
		};
		F7E97A1D27DA3B4C008309CD /* Services */ = {
			isa = PBXGroup;
			children = (
				F7E97A2727DA40EC008309CD /* DataService.swift */,
			);
			path = Services;
			sourceTree = "<group>";
		};
		F7E97A1E27DA3B52008309CD /* Data */ = {
			isa = PBXGroup;
			children = (
				F7E97A2127DA3C49008309CD /* recipes.json */,
			);
			path = Data;
			sourceTree = "<group>";
		};
/* End PBXGroup section */

/* Begin PBXNativeTarget section */
		F7E97A0827DA3B1A008309CD /* RecipeList */ = {
			isa = PBXNativeTarget;
			buildConfigurationList = F7E97A1727DA3B1A008309CD /* Build configuration list for PBXNativeTarget "RecipeList" */;
			buildPhases = (
				F7E97A0527DA3B1A008309CD /* Sources */,
				F7E97A0627DA3B1A008309CD /* Frameworks */,
				F7E97A0727DA3B1A008309CD /* Resources */,
			);
			buildRules = (
			);
			dependencies = (
			);
			name = RecipeList;
			productName = RecipeList;
			productReference = F7E97A0927DA3B1A008309CD /* RecipeList.app */;
			productType = "com.apple.product-type.application";
		};
/* End PBXNativeTarget section */

/* Begin PBXProject section */
		F7E97A0127DA3B1A008309CD /* Project object */ = {
			isa = PBXProject;
			attributes = {
				BuildIndependentTargetsInParallel = 1;
				LastSwiftUpdateCheck = 1320;
				LastUpgradeCheck = 1320;
				TargetAttributes = {
					F7E97A0827DA3B1A008309CD = {
						CreatedOnToolsVersion = 13.2.1;
					};
				};
			};
			buildConfigurationList = F7E97A0427DA3B1A008309CD /* Build configuration list for PBXProject "RecipeList" */;
			compatibilityVersion = "Xcode 13.0";
			developmentRegion = en;
			hasScannedForEncodings = 0;
			knownRegions = (
				en,
				Base,
			);
			mainGroup = F7E97A0027DA3B1A008309CD;
			productRefGroup = F7E97A0A27DA3B1A008309CD /* Products */;
			projectDirPath = "";
			projectRoot = "";
			targets = (
				F7E97A0827DA3B1A008309CD /* RecipeList */,
			);
		};
/* End PBXProject section */

/* Begin PBXResourcesBuildPhase section */
		F7E97A0727DA3B1A008309CD /* Resources */ = {
			isa = PBXResourcesBuildPhase;
			buildActionMask = 2147483647;
			files = (
				F7E97A1427DA3B1A008309CD /* Preview Assets.xcassets in Resources */,
				F7E97A2227DA3C49008309CD /* recipes.json in Resources */,
				F7E97A1127DA3B1A008309CD /* Assets.xcassets in Resources */,
			);
			runOnlyForDeploymentPostprocessing = 0;
		};
/* End PBXResourcesBuildPhase section */

/* Begin PBXSourcesBuildPhase section */
		F7E97A0527DA3B1A008309CD /* Sources */ = {
			isa = PBXSourcesBuildPhase;
			buildActionMask = 2147483647;
			files = (
				F7E97A2427DA3DD2008309CD /* Recipe.swift in Sources */,
				F7E97A2A27DAA12A008309CD /* RecipeDetailView.swift in Sources */,
				F7E97A2627DA3FCA008309CD /* RecipeModel.swift in Sources */,
				F7E97A0F27DA3B1A008309CD /* RecipeListView.swift in Sources */,
				F7E97A2E27DB570B008309CD /* Ingredient.swift in Sources */,
				F7E97A3027DB5E6D008309CD /* RecipeFeaturedView.swift in Sources */,
				F7E97A0D27DA3B1A008309CD /* RecipeListApp.swift in Sources */,
				F7E97A2827DA40EC008309CD /* DataService.swift in Sources */,
				F7E97A2C27DB4C9A008309CD /* RecipeTabView.swift in Sources */,
			);
			runOnlyForDeploymentPostprocessing = 0;
		};
/* End PBXSourcesBuildPhase section */

/* Begin XCBuildConfiguration section */
		F7E97A1527DA3B1A008309CD /* Debug */ = {
			isa = XCBuildConfiguration;
			buildSettings = {
				ALWAYS_SEARCH_USER_PATHS = NO;
				CLANG_ANALYZER_NONNULL = YES;
				CLANG_ANALYZER_NUMBER_OBJECT_CONVERSION = YES_AGGRESSIVE;
				CLANG_CXX_LANGUAGE_STANDARD = "gnu++17";
				CLANG_CXX_LIBRARY = "libc++";
				CLANG_ENABLE_MODULES = YES;
				CLANG_ENABLE_OBJC_ARC = YES;
				CLANG_ENABLE_OBJC_WEAK = YES;
				CLANG_WARN_BLOCK_CAPTURE_AUTORELEASING = YES;
				CLANG_WARN_BOOL_CONVERSION = YES;
				CLANG_WARN_COMMA = YES;
				CLANG_WARN_CONSTANT_CONVERSION = YES;
				CLANG_WARN_DEPRECATED_OBJC_IMPLEMENTATIONS = YES;
				CLANG_WARN_DIRECT_OBJC_ISA_USAGE = YES_ERROR;
				CLANG_WARN_DOCUMENTATION_COMMENTS = YES;
				CLANG_WARN_EMPTY_BODY = YES;
				CLANG_WARN_ENUM_CONVERSION = YES;
				CLANG_WARN_INFINITE_RECURSION = YES;
				CLANG_WARN_INT_CONVERSION = YES;
				CLANG_WARN_NON_LITERAL_NULL_CONVERSION = YES;
				CLANG_WARN_OBJC_IMPLICIT_RETAIN_SELF = YES;
				CLANG_WARN_OBJC_LITERAL_CONVERSION = YES;
				CLANG_WARN_OBJC_ROOT_CLASS = YES_ERROR;
				CLANG_WARN_QUOTED_INCLUDE_IN_FRAMEWORK_HEADER = YES;
				CLANG_WARN_RANGE_LOOP_ANALYSIS = YES;
				CLANG_WARN_STRICT_PROTOTYPES = YES;
				CLANG_WARN_SUSPICIOUS_MOVE = YES;
				CLANG_WARN_UNGUARDED_AVAILABILITY = YES_AGGRESSIVE;
				CLANG_WARN_UNREACHABLE_CODE = YES;
				CLANG_WARN__DUPLICATE_METHOD_MATCH = YES;
				COPY_PHASE_STRIP = NO;
				DEBUG_INFORMATION_FORMAT = dwarf;
				ENABLE_STRICT_OBJC_MSGSEND = YES;
				ENABLE_TESTABILITY = YES;
				GCC_C_LANGUAGE_STANDARD = gnu11;
				GCC_DYNAMIC_NO_PIC = NO;
				GCC_NO_COMMON_BLOCKS = YES;
				GCC_OPTIMIZATION_LEVEL = 0;
				GCC_PREPROCESSOR_DEFINITIONS = (
					"DEBUG=1",
					"$(inherited)",
				);
				GCC_WARN_64_TO_32_BIT_CONVERSION = YES;
				GCC_WARN_ABOUT_RETURN_TYPE = YES_ERROR;
				GCC_WARN_UNDECLARED_SELECTOR = YES;
				GCC_WARN_UNINITIALIZED_AUTOS = YES_AGGRESSIVE;
				GCC_WARN_UNUSED_FUNCTION = YES;
				GCC_WARN_UNUSED_VARIABLE = YES;
				IPHONEOS_DEPLOYMENT_TARGET = 15.2;
				MTL_ENABLE_DEBUG_INFO = INCLUDE_SOURCE;
				MTL_FAST_MATH = YES;
				ONLY_ACTIVE_ARCH = YES;
				SDKROOT = iphoneos;
				SWIFT_ACTIVE_COMPILATION_CONDITIONS = DEBUG;
				SWIFT_OPTIMIZATION_LEVEL = "-Onone";
			};
			name = Debug;
		};
		F7E97A1627DA3B1A008309CD /* Release */ = {
			isa = XCBuildConfiguration;
			buildSettings = {
				ALWAYS_SEARCH_USER_PATHS = NO;
				CLANG_ANALYZER_NONNULL = YES;
				CLANG_ANALYZER_NUMBER_OBJECT_CONVERSION = YES_AGGRESSIVE;
				CLANG_CXX_LANGUAGE_STANDARD = "gnu++17";
				CLANG_CXX_LIBRARY = "libc++";
				CLANG_ENABLE_MODULES = YES;
				CLANG_ENABLE_OBJC_ARC = YES;
				CLANG_ENABLE_OBJC_WEAK = YES;
				CLANG_WARN_BLOCK_CAPTURE_AUTORELEASING = YES;
				CLANG_WARN_BOOL_CONVERSION = YES;
				CLANG_WARN_COMMA = YES;
				CLANG_WARN_CONSTANT_CONVERSION = YES;
				CLANG_WARN_DEPRECATED_OBJC_IMPLEMENTATIONS = YES;
				CLANG_WARN_DIRECT_OBJC_ISA_USAGE = YES_ERROR;
				CLANG_WARN_DOCUMENTATION_COMMENTS = YES;
				CLANG_WARN_EMPTY_BODY = YES;
				CLANG_WARN_ENUM_CONVERSION = YES;
				CLANG_WARN_INFINITE_RECURSION = YES;
				CLANG_WARN_INT_CONVERSION = YES;
				CLANG_WARN_NON_LITERAL_NULL_CONVERSION = YES;
				CLANG_WARN_OBJC_IMPLICIT_RETAIN_SELF = YES;
				CLANG_WARN_OBJC_LITERAL_CONVERSION = YES;
				CLANG_WARN_OBJC_ROOT_CLASS = YES_ERROR;
				CLANG_WARN_QUOTED_INCLUDE_IN_FRAMEWORK_HEADER = YES;
				CLANG_WARN_RANGE_LOOP_ANALYSIS = YES;
				CLANG_WARN_STRICT_PROTOTYPES = YES;
				CLANG_WARN_SUSPICIOUS_MOVE = YES;
				CLANG_WARN_UNGUARDED_AVAILABILITY = YES_AGGRESSIVE;
				CLANG_WARN_UNREACHABLE_CODE = YES;
				CLANG_WARN__DUPLICATE_METHOD_MATCH = YES;
				COPY_PHASE_STRIP = NO;
				DEBUG_INFORMATION_FORMAT = "dwarf-with-dsym";
				ENABLE_NS_ASSERTIONS = NO;
				ENABLE_STRICT_OBJC_MSGSEND = YES;
				GCC_C_LANGUAGE_STANDARD = gnu11;
				GCC_NO_COMMON_BLOCKS = YES;
				GCC_WARN_64_TO_32_BIT_CONVERSION = YES;
				GCC_WARN_ABOUT_RETURN_TYPE = YES_ERROR;
				GCC_WARN_UNDECLARED_SELECTOR = YES;
				GCC_WARN_UNINITIALIZED_AUTOS = YES_AGGRESSIVE;
				GCC_WARN_UNUSED_FUNCTION = YES;
				GCC_WARN_UNUSED_VARIABLE = YES;
				IPHONEOS_DEPLOYMENT_TARGET = 15.2;
				MTL_ENABLE_DEBUG_INFO = NO;
				MTL_FAST_MATH = YES;
				SDKROOT = iphoneos;
				SWIFT_COMPILATION_MODE = wholemodule;
				SWIFT_OPTIMIZATION_LEVEL = "-O";
				VALIDATE_PRODUCT = YES;
			};
			name = Release;
		};
		F7E97A1827DA3B1A008309CD /* Debug */ = {
			isa = XCBuildConfiguration;
			buildSettings = {
				ASSETCATALOG_COMPILER_APPICON_NAME = AppIcon;
				ASSETCATALOG_COMPILER_GLOBAL_ACCENT_COLOR_NAME = AccentColor;
				CODE_SIGN_STYLE = Automatic;
				CURRENT_PROJECT_VERSION = 1;
				DEVELOPMENT_ASSET_PATHS = "\"RecipeList/Preview Content\"";
				DEVELOPMENT_TEAM = 4AFN2B8B6V;
				ENABLE_PREVIEWS = YES;
				GENERATE_INFOPLIST_FILE = YES;
				INFOPLIST_KEY_UIApplicationSceneManifest_Generation = YES;
				INFOPLIST_KEY_UIApplicationSupportsIndirectInputEvents = YES;
				INFOPLIST_KEY_UILaunchScreen_Generation = YES;
				INFOPLIST_KEY_UISupportedInterfaceOrientations_iPad = "UIInterfaceOrientationPortrait UIInterfaceOrientationPortraitUpsideDown UIInterfaceOrientationLandscapeLeft UIInterfaceOrientationLandscapeRight";
				INFOPLIST_KEY_UISupportedInterfaceOrientations_iPhone = "UIInterfaceOrientationPortrait UIInterfaceOrientationLandscapeLeft UIInterfaceOrientationLandscapeRight";
				LD_RUNPATH_SEARCH_PATHS = (
					"$(inherited)",
					"@executable_path/Frameworks",
				);
				MARKETING_VERSION = 1.0;
				PRODUCT_BUNDLE_IDENTIFIER = com.eeaton.RecipeList;
				PRODUCT_NAME = "$(TARGET_NAME)";
				SWIFT_EMIT_LOC_STRINGS = YES;
				SWIFT_VERSION = 5.0;
				TARGETED_DEVICE_FAMILY = "1,2";
			};
			name = Debug;
		};
		F7E97A1927DA3B1A008309CD /* Release */ = {
			isa = XCBuildConfiguration;
			buildSettings = {
				ASSETCATALOG_COMPILER_APPICON_NAME = AppIcon;
				ASSETCATALOG_COMPILER_GLOBAL_ACCENT_COLOR_NAME = AccentColor;
				CODE_SIGN_STYLE = Automatic;
				CURRENT_PROJECT_VERSION = 1;
				DEVELOPMENT_ASSET_PATHS = "\"RecipeList/Preview Content\"";
				DEVELOPMENT_TEAM = 4AFN2B8B6V;
				ENABLE_PREVIEWS = YES;
				GENERATE_INFOPLIST_FILE = YES;
				INFOPLIST_KEY_UIApplicationSceneManifest_Generation = YES;
				INFOPLIST_KEY_UIApplicationSupportsIndirectInputEvents = YES;
				INFOPLIST_KEY_UILaunchScreen_Generation = YES;
				INFOPLIST_KEY_UISupportedInterfaceOrientations_iPad = "UIInterfaceOrientationPortrait UIInterfaceOrientationPortraitUpsideDown UIInterfaceOrientationLandscapeLeft UIInterfaceOrientationLandscapeRight";
				INFOPLIST_KEY_UISupportedInterfaceOrientations_iPhone = "UIInterfaceOrientationPortrait UIInterfaceOrientationLandscapeLeft UIInterfaceOrientationLandscapeRight";
				LD_RUNPATH_SEARCH_PATHS = (
					"$(inherited)",
					"@executable_path/Frameworks",
				);
				MARKETING_VERSION = 1.0;
				PRODUCT_BUNDLE_IDENTIFIER = com.eeaton.RecipeList;
				PRODUCT_NAME = "$(TARGET_NAME)";
				SWIFT_EMIT_LOC_STRINGS = YES;
				SWIFT_VERSION = 5.0;
				TARGETED_DEVICE_FAMILY = "1,2";
			};
			name = Release;
		};
/* End XCBuildConfiguration section */

/* Begin XCConfigurationList section */
		F7E97A0427DA3B1A008309CD /* Build configuration list for PBXProject "RecipeList" */ = {
			isa = XCConfigurationList;
			buildConfigurations = (
				F7E97A1527DA3B1A008309CD /* Debug */,
				F7E97A1627DA3B1A008309CD /* Release */,
			);
			defaultConfigurationIsVisible = 0;
			defaultConfigurationName = Release;
		};
		F7E97A1727DA3B1A008309CD /* Build configuration list for PBXNativeTarget "RecipeList" */ = {
			isa = XCConfigurationList;
			buildConfigurations = (
				F7E97A1827DA3B1A008309CD /* Debug */,
				F7E97A1927DA3B1A008309CD /* Release */,
			);
			defaultConfigurationIsVisible = 0;
			defaultConfigurationName = Release;
		};
/* End XCConfigurationList section */
	};
	rootObject = F7E97A0127DA3B1A008309CD /* Project object */;
}
